
Microsoft Visual Studio Solution File, Format Version 12.00
# Visual Studio Version 16
VisualStudioVersion = 16.0.31624.102
MinimumVisualStudioVersion = 10.0.40219.1
Project("{9A19103F-16F7-4668-BE54-9A1E7A4F7556}") = "NorthwindApplication", "NorthwindApplication\NorthwindApplication.csproj", "{B656FE24-A682-4A77-B913-9E97500D457C}"
EndProject
Project("{9A19103F-16F7-4668-BE54-9A1E7A4F7556}") = "NorthwindDbLibrary", "NorthwindDbLibrary\NorthwindDbLibrary.csproj", "{47E1AAFF-C8D4-4767-9BFE-2C743BFA5D7E}"
EndProject
Project("{2150E333-8FDC-42A3-9474-1A3956D46DE8}") = "Solution Items", "Solution Items", "{2C5A1C51-3981-44C2-8A13-93DBFCC98CE2}"
	ProjectSection(SolutionItems) = preProject
		To Scaffold.txt = To Scaffold.txt
	EndProjectSection
EndProject
Global
	GlobalSection(SolutionConfigurationPlatforms) = preSolution
		Debug|Any CPU = Debug|Any CPU
		Release|Any CPU = Release|Any CPU
	EndGlobalSection
	GlobalSection(ProjectConfigurationPlatforms) = postSolution
		{B656FE24-A682-4A77-B913-9E97500D457C}.Debug|Any CPU.ActiveCfg = Debug|Any CPU
		{B656FE24-A682-4A77-B913-9E97500D457C}.Debug|Any CPU.Build.0 = Debug|Any CPU
		{B656FE24-A682-4A77-B913-9E97500D457C}.Release|Any CPU.ActiveCfg = Release|Any CPU
		{B656FE24-A682-4A77-B913-9E97500D457C}.Release|Any CPU.Build.0 = Release|Any CPU
		{47E1AAFF-C8D4-4767-9BFE-2C743BFA5D7E}.Debug|Any CPU.ActiveCfg = Debug|Any CPU
		{47E1AAFF-C8D4-4767-9BFE-2C743BFA5D7E}.Debug|Any CPU.Build.0 = Debug|Any CPU
		{47E1AAFF-C8D4-4767-9BFE-2C743BFA5D7E}.Release|Any CPU.ActiveCfg = Release|Any CPU
		{47E1AAFF-C8D4-4767-9BFE-2C743BFA5D7E}.Release|Any CPU.Build.0 = Release|Any CPU
	EndGlobalSection
	GlobalSection(SolutionProperties) = preSolution
		HideSolutionNode = FALSE
	EndGlobalSection
	GlobalSection(ExtensibilityGlobals) = postSolution
		SolutionGuid = {1BD16F5F-092D-40DA-8D17-D0F801F2FCAA}
	EndGlobalSection
EndGlobal
